github.com/deanishe/awgo v0.15.0 h1:ExG+fHtI7gLRVOk0RPsniVl4ks4gpt6YkHSk3w1ABYs=
github.com/deanishe/awgo v0.15.0/go.mod h1:iS04UkOlaot9B69n8pPeXb804n4vxgDGl3QjXybu4nM=
github.com/olekukonko/tablewriter v0.0.1 h1:b3iUnf1v+ppJiOfNX4yxxqfWKMQPZR5yoh8urCTFX88=
github.com/olekukonko/tablewriter v0.0.1/go.mod h1:vsDQFd/mU46D+Z4whnwzcISnGGzXWMclvtLoiIKAKIo=
golang.org/x/text v0.3.0 h1:g61tztE5qeGQ89tm6NTjjM9VPIm088od1l6aSorWRWg=
golang.org/x/text v0.3.0/go.mod h1:NqM8EUOU14njkJ3fqMW+pc6Ldnwhi/IjpwHt7yyuwOQ=
