github.com/deanishe/awgo v0.15.0 h1:ExG+fHtI7gLRVOk0RPsniVl4ks4gpt6YkHSk3w1ABYs=
github.com/deanishe/awgo v0.15.0/go.mod h1:iS04UkOlaot9B69n8pPeXb804n4vxgDGl3QjXybu4nM=
github.com/mattn/go-runewidth v0.0.4 h1:2BvfKmzob6Bmd4YsL0zygOqfdFnK7GR4QL06Do4/p7Y=
github.com/mattn/go-runewidth v0.0.4/go.mod h1:LwmH8dsx7+W8Uxz3IHJYH5QSwggIsqBzpuz5H//U1FU=
github.com/olekukonko/tablewriter v0.0.2-0.20190315073140-f82d31373321 h1:0hahWi8MEE4jsIFWkfq6maW2Vyy/VrsxD3yuBUGE9aU=
github.com/olekukonko/tablewriter v0.0.2-0.20190315073140-f82d31373321/go.mod h1:vsDQFd/mU46D+Z4whnwzcISnGGzXWMclvtLoiIKAKIo=
golang.org/x/text v0.3.0 h1:g61tztE5qeGQ89tm6NTjjM9VPIm088od1l6aSorWRWg=
golang.org/x/text v0.3.0/go.mod h1:NqM8EUOU14njkJ3fqMW+pc6Ldnwhi/IjpwHt7yyuwOQ=
